
Microsoft Visual Studio Solution File, Format Version 12.00
# Visual Studio Version 17
VisualStudioVersion = 17.4.33205.214
MinimumVisualStudioVersion = 10.0.40219.1
Project("{FAE04EC0-301F-11D3-BF4B-00C04F79EFBC}") = "CronService", "CronService\CronService.csproj", "{A81E4DC7-ED8D-479C-9B3D-FEF7226A2571}"
EndProject
Global
	GlobalSection(SolutionConfigurationPlatforms) = preSolution
		Debug|Any CPU = Debug|Any CPU
		Release|Any CPU = Release|Any CPU
	EndGlobalSection
	GlobalSection(ProjectConfigurationPlatforms) = postSolution
		{A81E4DC7-ED8D-479C-9B3D-FEF7226A2571}.Debug|Any CPU.ActiveCfg = Debug|Any CPU
		{A81E4DC7-ED8D-479C-9B3D-FEF7226A2571}.Debug|Any CPU.Build.0 = Debug|Any CPU
		{A81E4DC7-ED8D-479C-9B3D-FEF7226A2571}.Release|Any CPU.ActiveCfg = Release|Any CPU
		{A81E4DC7-ED8D-479C-9B3D-FEF7226A2571}.Release|Any CPU.Build.0 = Release|Any CPU
	EndGlobalSection
	GlobalSection(SolutionProperties) = preSolution
		HideSolutionNode = FALSE
	EndGlobalSection
	GlobalSection(ExtensibilityGlobals) = postSolution
		SolutionGuid = {94E4782B-A54E-48BD-9FDA-BC8DEFBD31C2}
	EndGlobalSection
EndGlobal
